
Microsoft Visual Studio Solution File, Format Version 12.00
# Visual Studio 2013
VisualStudioVersion = 12.0.30501.0
MinimumVisualStudioVersion = 10.0.40219.1
Project("{FAE04EC0-301F-11D3-BF4B-00C04F79EFBC}") = "ConsoleBasicHttpTest", "ConsoleBasicHttpTest\ConsoleBasicHttpTest.csproj", "{5615EE26-D5EC-4B48-984F-BB8EB6CF5266}"
EndProject
Project("{FAE04EC0-301F-11D3-BF4B-00C04F79EFBC}") = "ConsoleNettcpTest", "F:\github\WCFStudy\ConsoleTest\ConsoleNettcpTest\ConsoleNettcpTest.csproj", "{55F21F7C-6429-4080-AB0E-5DE8E1D26E5A}"
EndProject
Project("{FAE04EC0-301F-11D3-BF4B-00C04F79EFBC}") = "ConsoleNetnamedTest", "F:\github\WCFStudy\ConsoleTest\ConsoleNetnamedTest\ConsoleNetnamedTest.csproj", "{59ECB589-07DF-4E43-8FDC-00824339B400}"
EndProject
Project("{FAE04EC0-301F-11D3-BF4B-00C04F79EFBC}") = "ConsoleWebHttpTest", "F:\github\WCFStudy\ConsoleTest\ConsoleWebHttpTest\ConsoleWebHttpTest.csproj", "{4F8D4F9D-DDA5-4831-9EFD-A3B642B41F1C}"
EndProject
Project("{FAE04EC0-301F-11D3-BF4B-00C04F79EFBC}") = "ConsoleWsHttpTest", "F:\github\WCFStudy\ConsoleTest\ConsoleWsHttpTest\ConsoleWsHttpTest.csproj", "{99EB0782-400A-47DB-82FB-271D8C661179}"
EndProject
Project("{FAE04EC0-301F-11D3-BF4B-00C04F79EFBC}") = "ConsoleWsDualHttpTest", "F:\github\WCFStudy\ConsoleTest\ConsoleWsDualHttpTest\ConsoleWsDualHttpTest.csproj", "{1A23F789-289E-4252-B6E4-9900308672B7}"
EndProject
Global
	GlobalSection(SolutionConfigurationPlatforms) = preSolution
		Debug|Any CPU = Debug|Any CPU
		Release|Any CPU = Release|Any CPU
	EndGlobalSection
	GlobalSection(ProjectConfigurationPlatforms) = postSolution
		{5615EE26-D5EC-4B48-984F-BB8EB6CF5266}.Debug|Any CPU.ActiveCfg = Debug|Any CPU
		{5615EE26-D5EC-4B48-984F-BB8EB6CF5266}.Debug|Any CPU.Build.0 = Debug|Any CPU
		{5615EE26-D5EC-4B48-984F-BB8EB6CF5266}.Release|Any CPU.ActiveCfg = Release|Any CPU
		{5615EE26-D5EC-4B48-984F-BB8EB6CF5266}.Release|Any CPU.Build.0 = Release|Any CPU
		{55F21F7C-6429-4080-AB0E-5DE8E1D26E5A}.Debug|Any CPU.ActiveCfg = Debug|Any CPU
		{55F21F7C-6429-4080-AB0E-5DE8E1D26E5A}.Debug|Any CPU.Build.0 = Debug|Any CPU
		{55F21F7C-6429-4080-AB0E-5DE8E1D26E5A}.Release|Any CPU.ActiveCfg = Release|Any CPU
		{55F21F7C-6429-4080-AB0E-5DE8E1D26E5A}.Release|Any CPU.Build.0 = Release|Any CPU
		{59ECB589-07DF-4E43-8FDC-00824339B400}.Debug|Any CPU.ActiveCfg = Debug|Any CPU
		{59ECB589-07DF-4E43-8FDC-00824339B400}.Debug|Any CPU.Build.0 = Debug|Any CPU
		{59ECB589-07DF-4E43-8FDC-00824339B400}.Release|Any CPU.ActiveCfg = Release|Any CPU
		{59ECB589-07DF-4E43-8FDC-00824339B400}.Release|Any CPU.Build.0 = Release|Any CPU
		{4F8D4F9D-DDA5-4831-9EFD-A3B642B41F1C}.Debug|Any CPU.ActiveCfg = Debug|Any CPU
		{4F8D4F9D-DDA5-4831-9EFD-A3B642B41F1C}.Debug|Any CPU.Build.0 = Debug|Any CPU
		{4F8D4F9D-DDA5-4831-9EFD-A3B642B41F1C}.Release|Any CPU.ActiveCfg = Release|Any CPU
		{4F8D4F9D-DDA5-4831-9EFD-A3B642B41F1C}.Release|Any CPU.Build.0 = Release|Any CPU
		{99EB0782-400A-47DB-82FB-271D8C661179}.Debug|Any CPU.ActiveCfg = Debug|Any CPU
		{99EB0782-400A-47DB-82FB-271D8C661179}.Debug|Any CPU.Build.0 = Debug|Any CPU
		{99EB0782-400A-47DB-82FB-271D8C661179}.Release|Any CPU.ActiveCfg = Release|Any CPU
		{99EB0782-400A-47DB-82FB-271D8C661179}.Release|Any CPU.Build.0 = Release|Any CPU
		{1A23F789-289E-4252-B6E4-9900308672B7}.Debug|Any CPU.ActiveCfg = Debug|Any CPU
		{1A23F789-289E-4252-B6E4-9900308672B7}.Debug|Any CPU.Build.0 = Debug|Any CPU
		{1A23F789-289E-4252-B6E4-9900308672B7}.Release|Any CPU.ActiveCfg = Release|Any CPU
		{1A23F789-289E-4252-B6E4-9900308672B7}.Release|Any CPU.Build.0 = Release|Any CPU
	EndGlobalSection
	GlobalSection(SolutionProperties) = preSolution
		HideSolutionNode = FALSE
	EndGlobalSection
EndGlobal
